
Microsoft Visual Studio Solution File, Format Version 12.00
# Visual Studio Version 17
VisualStudioVersion = 17.0.31903.59
MinimumVisualStudioVersion = 10.0.40219.1
Project("{2150E333-8FDC-42A3-9474-1A3956D46DE8}") = "SalmonEgg", "SalmonEgg", "{4D9ACC9E-5467-42A0-A735-D29796549087}"
EndProject
Project("{FAE04EC0-301F-11D3-BF4B-00C04F79EFBC}") = "SalmonEgg", "SalmonEgg\SalmonEgg\SalmonEgg.csproj", "{FA39AD78-5A4F-4891-9C98-FC07F986AA09}"
EndProject
Project("{2150E333-8FDC-42A3-9474-1A3956D46DE8}") = "src", "src", "{F6544778-3555-4BDF-8446-AF1E2C1AFB28}"
EndProject
Project("{FAE04EC0-301F-11D3-BF4B-00C04F79EFBC}") = "SalmonEgg.Domain", "src\SalmonEgg.Domain\SalmonEgg.Domain.csproj", "{843EE10B-FC3D-45E9-AE4C-6D30C8574418}"
EndProject
Project("{FAE04EC0-301F-11D3-BF4B-00C04F79EFBC}") = "SalmonEgg.Application", "src\SalmonEgg.Application\SalmonEgg.Application.csproj", "{8439D90A-5024-4777-8C0F-7396B1005142}"
EndProject
Project("{FAE04EC0-301F-11D3-BF4B-00C04F79EFBC}") = "SalmonEgg.Infrastructure", "src\SalmonEgg.Infrastructure\SalmonEgg.Infrastructure.csproj", "{5D5350A6-D1D1-48CD-B0B8-FCE550BA5380}"
EndProject
Project("{2150E333-8FDC-42A3-9474-1A3956D46DE8}") = "tests", "tests", "{4FF61B8E-E2F7-47B6-BAB5-09F85F6318E4}"
EndProject
Project("{FAE04EC0-301F-11D3-BF4B-00C04F79EFBC}") = "SalmonEgg.Domain.Tests", "tests\SalmonEgg.Domain.Tests\SalmonEgg.Domain.Tests.csproj", "{4A63662D-890A-477E-ABF9-9E363C18F6E1}"
EndProject
Project("{FAE04EC0-301F-11D3-BF4B-00C04F79EFBC}") = "SalmonEgg.Infrastructure.Tests", "tests\SalmonEgg.Infrastructure.Tests\SalmonEgg.Infrastructure.Tests.csproj", "{D3875B18-ACE1-4214-990F-8DB66D44F685}"
EndProject
Project("{FAE04EC0-301F-11D3-BF4B-00C04F79EFBC}") = "SalmonEgg.Application.Tests", "tests\SalmonEgg.Application.Tests\SalmonEgg.Application.Tests.csproj", "{BF21FCCE-577E-4237-AF64-B16C1BEED599}"
EndProject
Project("{FAE04EC0-301F-11D3-BF4B-00C04F79EFBC}") = "SalmonEgg.IntegrationTests", "tests\SalmonEgg.IntegrationTests\SalmonEgg.IntegrationTests.csproj", "{C6D3E0F7-2DE0-404D-8B99-D1B71FF9B88B}"
EndProject
Global
	GlobalSection(SolutionConfigurationPlatforms) = preSolution
		Debug|Any CPU = Debug|Any CPU
		Debug|x64 = Debug|x64
		Debug|x86 = Debug|x86
		Release|Any CPU = Release|Any CPU
		Release|x64 = Release|x64
		Release|x86 = Release|x86
	EndGlobalSection
	GlobalSection(ProjectConfigurationPlatforms) = postSolution
		{FA39AD78-5A4F-4891-9C98-FC07F986AA09}.Debug|Any CPU.ActiveCfg = Debug|Any CPU
		{FA39AD78-5A4F-4891-9C98-FC07F986AA09}.Debug|Any CPU.Build.0 = Debug|Any CPU
		{FA39AD78-5A4F-4891-9C98-FC07F986AA09}.Debug|x64.ActiveCfg = Debug|Any CPU
		{FA39AD78-5A4F-4891-9C98-FC07F986AA09}.Debug|x64.Build.0 = Debug|Any CPU
		{FA39AD78-5A4F-4891-9C98-FC07F986AA09}.Debug|x86.ActiveCfg = Debug|Any CPU
		{FA39AD78-5A4F-4891-9C98-FC07F986AA09}.Debug|x86.Build.0 = Debug|Any CPU
		{FA39AD78-5A4F-4891-9C98-FC07F986AA09}.Release|Any CPU.ActiveCfg = Release|Any CPU
		{FA39AD78-5A4F-4891-9C98-FC07F986AA09}.Release|Any CPU.Build.0 = Release|Any CPU
		{FA39AD78-5A4F-4891-9C98-FC07F986AA09}.Release|x64.ActiveCfg = Release|Any CPU
		{FA39AD78-5A4F-4891-9C98-FC07F986AA09}.Release|x64.Build.0 = Release|Any CPU
		{FA39AD78-5A4F-4891-9C98-FC07F986AA09}.Release|x86.ActiveCfg = Release|Any CPU
		{FA39AD78-5A4F-4891-9C98-FC07F986AA09}.Release|x86.Build.0 = Release|Any CPU
		{843EE10B-FC3D-45E9-AE4C-6D30C8574418}.Debug|Any CPU.ActiveCfg = Debug|Any CPU
		{843EE10B-FC3D-45E9-AE4C-6D30C8574418}.Debug|Any CPU.Build.0 = Debug|Any CPU
		{843EE10B-FC3D-45E9-AE4C-6D30C8574418}.Debug|x64.ActiveCfg = Debug|Any CPU
		{843EE10B-FC3D-45E9-AE4C-6D30C8574418}.Debug|x64.Build.0 = Debug|Any CPU
		{843EE10B-FC3D-45E9-AE4C-6D30C8574418}.Debug|x86.ActiveCfg = Debug|Any CPU
		{843EE10B-FC3D-45E9-AE4C-6D30C8574418}.Debug|x86.Build.0 = Debug|Any CPU
		{843EE10B-FC3D-45E9-AE4C-6D30C8574418}.Release|Any CPU.ActiveCfg = Release|Any CPU
		{843EE10B-FC3D-45E9-AE4C-6D30C8574418}.Release|Any CPU.Build.0 = Release|Any CPU
		{843EE10B-FC3D-45E9-AE4C-6D30C8574418}.Release|x64.ActiveCfg = Release|Any CPU
		{843EE10B-FC3D-45E9-AE4C-6D30C8574418}.Release|x64.Build.0 = Release|Any CPU
		{843EE10B-FC3D-45E9-AE4C-6D30C8574418}.Release|x86.ActiveCfg = Release|Any CPU
		{843EE10B-FC3D-45E9-AE4C-6D30C8574418}.Release|x86.Build.0 = Release|Any CPU
		{8439D90A-5024-4777-8C0F-7396B1005142}.Debug|Any CPU.ActiveCfg = Debug|Any CPU
		{8439D90A-5024-4777-8C0F-7396B1005142}.Debug|Any CPU.Build.0 = Debug|Any CPU
		{8439D90A-5024-4777-8C0F-7396B1005142}.Debug|x64.ActiveCfg = Debug|Any CPU
		{8439D90A-5024-4777-8C0F-7396B1005142}.Debug|x64.Build.0 = Debug|Any CPU
		{8439D90A-5024-4777-8C0F-7396B1005142}.Debug|x86.ActiveCfg = Debug|Any CPU
		{8439D90A-5024-4777-8C0F-7396B1005142}.Debug|x86.Build.0 = Debug|Any CPU
		{8439D90A-5024-4777-8C0F-7396B1005142}.Release|Any CPU.ActiveCfg = Release|Any CPU
		{8439D90A-5024-4777-8C0F-7396B1005142}.Release|Any CPU.Build.0 = Release|Any CPU
		{8439D90A-5024-4777-8C0F-7396B1005142}.Release|x64.ActiveCfg = Release|Any CPU
		{8439D90A-5024-4777-8C0F-7396B1005142}.Release|x64.Build.0 = Release|Any CPU
		{8439D90A-5024-4777-8C0F-7396B1005142}.Release|x86.ActiveCfg = Release|Any CPU
		{8439D90A-5024-4777-8C0F-7396B1005142}.Release|x86.Build.0 = Release|Any CPU
		{5D5350A6-D1D1-48CD-B0B8-FCE550BA5380}.Debug|Any CPU.ActiveCfg = Debug|Any CPU
		{5D5350A6-D1D1-48CD-B0B8-FCE550BA5380}.Debug|Any CPU.Build.0 = Debug|Any CPU
		{5D5350A6-D1D1-48CD-B0B8-FCE550BA5380}.Debug|x64.ActiveCfg = Debug|Any CPU
		{5D5350A6-D1D1-48CD-B0B8-FCE550BA5380}.Debug|x64.Build.0 = Debug|Any CPU
		{5D5350A6-D1D1-48CD-B0B8-FCE550BA5380}.Debug|x86.ActiveCfg = Debug|Any CPU
		{5D5350A6-D1D1-48CD-B0B8-FCE550BA5380}.Debug|x86.Build.0 = Debug|Any CPU
		{5D5350A6-D1D1-48CD-B0B8-FCE550BA5380}.Release|Any CPU.ActiveCfg = Release|Any CPU
		{5D5350A6-D1D1-48CD-B0B8-FCE550BA5380}.Release|Any CPU.Build.0 = Release|Any CPU
		{5D5350A6-D1D1-48CD-B0B8-FCE550BA5380}.Release|x64.ActiveCfg = Release|Any CPU
		{5D5350A6-D1D1-48CD-B0B8-FCE550BA5380}.Release|x64.Build.0 = Release|Any CPU
		{5D5350A6-D1D1-48CD-B0B8-FCE550BA5380}.Release|x86.ActiveCfg = Release|Any CPU
		{5D5350A6-D1D1-48CD-B0B8-FCE550BA5380}.Release|x86.Build.0 = Release|Any CPU
		{4A63662D-890A-477E-ABF9-9E363C18F6E1}.Debug|Any CPU.ActiveCfg = Debug|Any CPU
		{4A63662D-890A-477E-ABF9-9E363C18F6E1}.Debug|Any CPU.Build.0 = Debug|Any CPU
		{4A63662D-890A-477E-ABF9-9E363C18F6E1}.Debug|x64.ActiveCfg = Debug|Any CPU
		{4A63662D-890A-477E-ABF9-9E363C18F6E1}.Debug|x64.Build.0 = Debug|Any CPU
		{4A63662D-890A-477E-ABF9-9E363C18F6E1}.Debug|x86.ActiveCfg = Debug|Any CPU
		{4A63662D-890A-477E-ABF9-9E363C18F6E1}.Debug|x86.Build.0 = Debug|Any CPU
		{4A63662D-890A-477E-ABF9-9E363C18F6E1}.Release|Any CPU.ActiveCfg = Release|Any CPU
		{4A63662D-890A-477E-ABF9-9E363C18F6E1}.Release|Any CPU.Build.0 = Release|Any CPU
		{4A63662D-890A-477E-ABF9-9E363C18F6E1}.Release|x64.ActiveCfg = Release|Any CPU
		{4A63662D-890A-477E-ABF9-9E363C18F6E1}.Release|x64.Build.0 = Release|Any CPU
		{4A63662D-890A-477E-ABF9-9E363C18F6E1}.Release|x86.ActiveCfg = Release|Any CPU
		{4A63662D-890A-477E-ABF9-9E363C18F6E1}.Release|x86.Build.0 = Release|Any CPU
		{D3875B18-ACE1-4214-990F-8DB66D44F685}.Debug|Any CPU.ActiveCfg = Debug|Any CPU
		{D3875B18-ACE1-4214-990F-8DB66D44F685}.Debug|Any CPU.Build.0 = Debug|Any CPU
		{D3875B18-ACE1-4214-990F-8DB66D44F685}.Debug|x64.ActiveCfg = Debug|Any CPU
		{D3875B18-ACE1-4214-990F-8DB66D44F685}.Debug|x64.Build.0 = Debug|Any CPU
		{D3875B18-ACE1-4214-990F-8DB66D44F685}.Debug|x86.ActiveCfg = Debug|Any CPU
		{D3875B18-ACE1-4214-990F-8DB66D44F685}.Debug|x86.Build.0 = Debug|Any CPU
		{D3875B18-ACE1-4214-990F-8DB66D44F685}.Release|Any CPU.ActiveCfg = Release|Any CPU
		{D3875B18-ACE1-4214-990F-8DB66D44F685}.Release|Any CPU.Build.0 = Release|Any CPU
		{D3875B18-ACE1-4214-990F-8DB66D44F685}.Release|x64.ActiveCfg = Release|Any CPU
		{D3875B18-ACE1-4214-990F-8DB66D44F685}.Release|x64.Build.0 = Release|Any CPU
		{D3875B18-ACE1-4214-990F-8DB66D44F685}.Release|x86.ActiveCfg = Release|Any CPU
		{D3875B18-ACE1-4214-990F-8DB66D44F685}.Release|x86.Build.0 = Release|Any CPU
		{BF21FCCE-577E-4237-AF64-B16C1BEED599}.Debug|Any CPU.ActiveCfg = Debug|Any CPU
		{BF21FCCE-577E-4237-AF64-B16C1BEED599}.Debug|Any CPU.Build.0 = Debug|Any CPU
		{BF21FCCE-577E-4237-AF64-B16C1BEED599}.Debug|x64.ActiveCfg = Debug|Any CPU
		{BF21FCCE-577E-4237-AF64-B16C1BEED599}.Debug|x64.Build.0 = Debug|Any CPU
		{BF21FCCE-577E-4237-AF64-B16C1BEED599}.Debug|x86.ActiveCfg = Debug|Any CPU
		{BF21FCCE-577E-4237-AF64-B16C1BEED599}.Debug|x86.Build.0 = Debug|Any CPU
		{BF21FCCE-577E-4237-AF64-B16C1BEED599}.Release|Any CPU.ActiveCfg = Release|Any CPU
		{BF21FCCE-577E-4237-AF64-B16C1BEED599}.Release|Any CPU.Build.0 = Release|Any CPU
		{BF21FCCE-577E-4237-AF64-B16C1BEED599}.Release|x64.ActiveCfg = Release|Any CPU
		{BF21FCCE-577E-4237-AF64-B16C1BEED599}.Release|x64.Build.0 = Release|Any CPU
		{BF21FCCE-577E-4237-AF64-B16C1BEED599}.Release|x86.ActiveCfg = Release|Any CPU
		{BF21FCCE-577E-4237-AF64-B16C1BEED599}.Release|x86.Build.0 = Release|Any CPU
		{C6D3E0F7-2DE0-404D-8B99-D1B71FF9B88B}.Debug|Any CPU.ActiveCfg = Debug|Any CPU
		{C6D3E0F7-2DE0-404D-8B99-D1B71FF9B88B}.Debug|Any CPU.Build.0 = Debug|Any CPU
		{C6D3E0F7-2DE0-404D-8B99-D1B71FF9B88B}.Debug|x64.ActiveCfg = Debug|Any CPU
		{C6D3E0F7-2DE0-404D-8B99-D1B71FF9B88B}.Debug|x64.Build.0 = Debug|Any CPU
		{C6D3E0F7-2DE0-404D-8B99-D1B71FF9B88B}.Debug|x86.ActiveCfg = Debug|Any CPU
		{C6D3E0F7-2DE0-404D-8B99-D1B71FF9B88B}.Debug|x86.Build.0 = Debug|Any CPU
		{C6D3E0F7-2DE0-404D-8B99-D1B71FF9B88B}.Release|Any CPU.ActiveCfg = Release|Any CPU
		{C6D3E0F7-2DE0-404D-8B99-D1B71FF9B88B}.Release|Any CPU.Build.0 = Release|Any CPU
		{C6D3E0F7-2DE0-404D-8B99-D1B71FF9B88B}.Release|x64.ActiveCfg = Release|Any CPU
		{C6D3E0F7-2DE0-404D-8B99-D1B71FF9B88B}.Release|x64.Build.0 = Release|Any CPU
		{C6D3E0F7-2DE0-404D-8B99-D1B71FF9B88B}.Release|x86.ActiveCfg = Release|Any CPU
		{C6D3E0F7-2DE0-404D-8B99-D1B71FF9B88B}.Release|x86.Build.0 = Release|Any CPU
	EndGlobalSection
	GlobalSection(SolutionProperties) = preSolution
		HideSolutionNode = FALSE
	EndGlobalSection
	GlobalSection(NestedProjects) = preSolution
		{FA39AD78-5A4F-4891-9C98-FC07F986AA09} = {4D9ACC9E-5467-42A0-A735-D29796549087}
		{843EE10B-FC3D-45E9-AE4C-6D30C8574418} = {F6544778-3555-4BDF-8446-AF1E2C1AFB28}
		{8439D90A-5024-4777-8C0F-7396B1005142} = {F6544778-3555-4BDF-8446-AF1E2C1AFB28}
		{5D5350A6-D1D1-48CD-B0B8-FCE550BA5380} = {F6544778-3555-4BDF-8446-AF1E2C1AFB28}
		{4A63662D-890A-477E-ABF9-9E363C18F6E1} = {4FF61B8E-E2F7-47B6-BAB5-09F85F6318E4}
		{D3875B18-ACE1-4214-990F-8DB66D44F685} = {4FF61B8E-E2F7-47B6-BAB5-09F85F6318E4}
		{BF21FCCE-577E-4237-AF64-B16C1BEED599} = {4FF61B8E-E2F7-47B6-BAB5-09F85F6318E4}
		{C6D3E0F7-2DE0-404D-8B99-D1B71FF9B88B} = {4FF61B8E-E2F7-47B6-BAB5-09F85F6318E4}
	EndGlobalSection
EndGlobal
